// !$*UTF8*$!
{
	archiveVersion = 1;
	classes = {
	};
	objectVersion = 46;
	objects = {

/* Begin PBXBuildFile section */
		23ECA4BF1D75D6B0008C0B86 /* main.m in Sources */ = {isa = PBXBuildFile; fileRef = 23ECA4BE1D75D6B0008C0B86 /* main.m */; };
		23ECA4C21D75D6B0008C0B86 /* AppDelegate.m in Sources */ = {isa = PBXBuildFile; fileRef = 23ECA4C11D75D6B0008C0B86 /* AppDelegate.m */; };
		23ECA4C51D75D6B0008C0B86 /* ViewController.m in Sources */ = {isa = PBXBuildFile; fileRef = 23ECA4C41D75D6B0008C0B86 /* ViewController.m */; };
		23ECA4C81D75D6B0008C0B86 /* Main.storyboard in Resources */ = {isa = PBXBuildFile; fileRef = 23ECA4C61D75D6B0008C0B86 /* Main.storyboard */; };
		23ECA4CA1D75D6B0008C0B86 /* Assets.xcassets in Resources */ = {isa = PBXBuildFile; fileRef = 23ECA4C91D75D6B0008C0B86 /* Assets.xcassets */; };
		23ECA4CD1D75D6B0008C0B86 /* LaunchScreen.storyboard in Resources */ = {isa = PBXBuildFile; fileRef = 23ECA4CB1D75D6B0008C0B86 /* LaunchScreen.storyboard */; };
		23ECA4D81D75D6B1008C0B86 /* RichTextViewTests.m in Sources */ = {isa = PBXBuildFile; fileRef = 23ECA4D71D75D6B1008C0B86 /* RichTextViewTests.m */; };
		23ECA4E31D75D6B1008C0B86 /* RichTextViewUITests.m in Sources */ = {isa = PBXBuildFile; fileRef = 23ECA4E21D75D6B1008C0B86 /* RichTextViewUITests.m */; };
		23ECA4F21D75D6BE008C0B86 /* RichTextView.m in Sources */ = {isa = PBXBuildFile; fileRef = 23ECA4F11D75D6BE008C0B86 /* RichTextView.m */; };
/* End PBXBuildFile section */

/* Begin PBXContainerItemProxy section */
		23ECA4D41D75D6B1008C0B86 /* PBXContainerItemProxy */ = {
			isa = PBXContainerItemProxy;
			containerPortal = 23ECA4B21D75D6B0008C0B86 /* Project object */;
			proxyType = 1;
			remoteGlobalIDString = 23ECA4B91D75D6B0008C0B86;
			remoteInfo = RichTextView;
		};
		23ECA4DF1D75D6B1008C0B86 /* PBXContainerItemProxy */ = {
			isa = PBXContainerItemProxy;
			containerPortal = 23ECA4B21D75D6B0008C0B86 /* Project object */;
			proxyType = 1;
			remoteGlobalIDString = 23ECA4B91D75D6B0008C0B86;
			remoteInfo = RichTextView;
		};
/* End PBXContainerItemProxy section */

/* Begin PBXFileReference section */
		23ECA4BA1D75D6B0008C0B86 /* RichTextView.app */ = {isa = PBXFileReference; explicitFileType = wrapper.application; includeInIndex = 0; path = RichTextView.app; sourceTree = BUILT_PRODUCTS_DIR; };
		23ECA4BE1D75D6B0008C0B86 /* main.m */ = {isa = PBXFileReference; lastKnownFileType = sourcecode.c.objc; path = main.m; sourceTree = "<group>"; };
		23ECA4C01D75D6B0008C0B86 /* AppDelegate.h */ = {isa = PBXFileReference; lastKnownFileType = sourcecode.c.h; path = AppDelegate.h; sourceTree = "<group>"; };
		23ECA4C11D75D6B0008C0B86 /* AppDelegate.m */ = {isa = PBXFileReference; lastKnownFileType = sourcecode.c.objc; path = AppDelegate.m; sourceTree = "<group>"; };
		23ECA4C31D75D6B0008C0B86 /* ViewController.h */ = {isa = PBXFileReference; lastKnownFileType = sourcecode.c.h; path = ViewController.h; sourceTree = "<group>"; };
		23ECA4C41D75D6B0008C0B86 /* ViewController.m */ = {isa = PBXFileReference; lastKnownFileType = sourcecode.c.objc; path = ViewController.m; sourceTree = "<group>"; };
		23ECA4C71D75D6B0008C0B86 /* Base */ = {isa = PBXFileReference; lastKnownFileType = file.storyboard; name = Base; path = Base.lproj/Main.storyboard; sourceTree = "<group>"; };
		23ECA4C91D75D6B0008C0B86 /* Assets.xcassets */ = {isa = PBXFileReference; lastKnownFileType = folder.assetcatalog; path = Assets.xcassets; sourceTree = "<group>"; };
		23ECA4CC1D75D6B0008C0B86 /* Base */ = {isa = PBXFileReference; lastKnownFileType = file.storyboard; name = Base; path = Base.lproj/LaunchScreen.storyboard; sourceTree = "<group>"; };
		23ECA4CE1D75D6B0008C0B86 /* Info.plist */ = {isa = PBXFileReference; lastKnownFileType = text.plist.xml; path = Info.plist; sourceTree = "<group>"; };
		23ECA4D31D75D6B1008C0B86 /* RichTextViewTests.xctest */ = {isa = PBXFileReference; explicitFileType = wrapper.cfbundle; includeInIndex = 0; path = RichTextViewTests.xctest; sourceTree = BUILT_PRODUCTS_DIR; };
		23ECA4D71D75D6B1008C0B86 /* RichTextViewTests.m */ = {isa = PBXFileReference; lastKnownFileType = sourcecode.c.objc; path = RichTextViewTests.m; sourceTree = "<group>"; };
		23ECA4D91D75D6B1008C0B86 /* Info.plist */ = {isa = PBXFileReference; lastKnownFileType = text.plist.xml; path = Info.plist; sourceTree = "<group>"; };
		23ECA4DE1D75D6B1008C0B86 /* RichTextViewUITests.xctest */ = {isa = PBXFileReference; explicitFileType = wrapper.cfbundle; includeInIndex = 0; path = RichTextViewUITests.xctest; sourceTree = BUILT_PRODUCTS_DIR; };
		23ECA4E21D75D6B1008C0B86 /* RichTextViewUITests.m */ = {isa = PBXFileReference; lastKnownFileType = sourcecode.c.objc; path = RichTextViewUITests.m; sourceTree = "<group>"; };
		23ECA4E41D75D6B1008C0B86 /* Info.plist */ = {isa = PBXFileReference; lastKnownFileType = text.plist.xml; path = Info.plist; sourceTree = "<group>"; };
		23ECA4F01D75D6BE008C0B86 /* RichTextView.h */ = {isa = PBXFileReference; fileEncoding = 4; lastKnownFileType = sourcecode.c.h; path = RichTextView.h; sourceTree = "<group>"; };
		23ECA4F11D75D6BE008C0B86 /* RichTextView.m */ = {isa = PBXFileReference; fileEncoding = 4; lastKnownFileType = sourcecode.c.objc; path = RichTextView.m; sourceTree = "<group>"; };
/* End PBXFileReference section */

/* Begin PBXFrameworksBuildPhase section */
		23ECA4B71D75D6B0008C0B86 /* Frameworks */ = {
			isa = PBXFrameworksBuildPhase;
			buildActionMask = 2147483647;
			files = (
			);
			runOnlyForDeploymentPostprocessing = 0;
		};
		23ECA4D01D75D6B1008C0B86 /* Frameworks */ = {
			isa = PBXFrameworksBuildPhase;
			buildActionMask = 2147483647;
			files = (
			);
			runOnlyForDeploymentPostprocessing = 0;
		};
		23ECA4DB1D75D6B1008C0B86 /* Frameworks */ = {
			isa = PBXFrameworksBuildPhase;
			buildActionMask = 2147483647;
			files = (
			);
			runOnlyForDeploymentPostprocessing = 0;
		};
/* End PBXFrameworksBuildPhase section */

/* Begin PBXGroup section */
		23ECA4B11D75D6B0008C0B86 = {
			isa = PBXGroup;
			children = (
				23ECA4BC1D75D6B0008C0B86 /* RichTextView */,
				23ECA4D61D75D6B1008C0B86 /* RichTextViewTests */,
				23ECA4E11D75D6B1008C0B86 /* RichTextViewUITests */,
				23ECA4BB1D75D6B0008C0B86 /* Products */,
			);
			sourceTree = "<group>";
		};
		23ECA4BB1D75D6B0008C0B86 /* Products */ = {
			isa = PBXGroup;
			children = (
				23ECA4BA1D75D6B0008C0B86 /* RichTextView.app */,
				23ECA4D31D75D6B1008C0B86 /* RichTextViewTests.xctest */,
				23ECA4DE1D75D6B1008C0B86 /* RichTextViewUITests.xctest */,
			);
			name = Products;
			sourceTree = "<group>";
		};
		23ECA4BC1D75D6B0008C0B86 /* RichTextView */ = {
			isa = PBXGroup;
			children = (
				23ECA4F01D75D6BE008C0B86 /* RichTextView.h */,
				23ECA4F11D75D6BE008C0B86 /* RichTextView.m */,
				23ECA4C01D75D6B0008C0B86 /* AppDelegate.h */,
				23ECA4C11D75D6B0008C0B86 /* AppDelegate.m */,
				23ECA4C31D75D6B0008C0B86 /* ViewController.h */,
				23ECA4C41D75D6B0008C0B86 /* ViewController.m */,
				23ECA4C61D75D6B0008C0B86 /* Main.storyboard */,
				23ECA4C91D75D6B0008C0B86 /* Assets.xcassets */,
				23ECA4CB1D75D6B0008C0B86 /* LaunchScreen.storyboard */,
				23ECA4CE1D75D6B0008C0B86 /* Info.plist */,
				23ECA4BD1D75D6B0008C0B86 /* Supporting Files */,
			);
			path = RichTextView;
			sourceTree = "<group>";
		};
		23ECA4BD1D75D6B0008C0B86 /* Supporting Files */ = {
			isa = PBXGroup;
			children = (
				23ECA4BE1D75D6B0008C0B86 /* main.m */,
			);
			name = "Supporting Files";
			sourceTree = "<group>";
		};
		23ECA4D61D75D6B1008C0B86 /* RichTextViewTests */ = {
			isa = PBXGroup;
			children = (
				23ECA4D71D75D6B1008C0B86 /* RichTextViewTests.m */,
				23ECA4D91D75D6B1008C0B86 /* Info.plist */,
			);
			path = RichTextViewTests;
			sourceTree = "<group>";
		};
		23ECA4E11D75D6B1008C0B86 /* RichTextViewUITests */ = {
			isa = PBXGroup;
			children = (
				23ECA4E21D75D6B1008C0B86 /* RichTextViewUITests.m */,
				23ECA4E41D75D6B1008C0B86 /* Info.plist */,
			);
			path = RichTextViewUITests;
			sourceTree = "<group>";
		};
/* End PBXGroup section */

/* Begin PBXNativeTarget section */
		23ECA4B91D75D6B0008C0B86 /* RichTextView */ = {
			isa = PBXNativeTarget;
			buildConfigurationList = 23ECA4E71D75D6B1008C0B86 /* Build configuration list for PBXNativeTarget "RichTextView" */;
			buildPhases = (
				23ECA4B61D75D6B0008C0B86 /* Sources */,
				23ECA4B71D75D6B0008C0B86 /* Frameworks */,
				23ECA4B81D75D6B0008C0B86 /* Resources */,
			);
			buildRules = (
			);
			dependencies = (
			);
			name = RichTextView;
			productName = RichTextView;
			productReference = 23ECA4BA1D75D6B0008C0B86 /* RichTextView.app */;
			productType = "com.apple.product-type.application";
		};
		23ECA4D21D75D6B1008C0B86 /* RichTextViewTests */ = {
			isa = PBXNativeTarget;
			buildConfigurationList = 23ECA4EA1D75D6B1008C0B86 /* Build configuration list for PBXNativeTarget "RichTextViewTests" */;
			buildPhases = (
				23ECA4CF1D75D6B1008C0B86 /* Sources */,
				23ECA4D01D75D6B1008C0B86 /* Frameworks */,
				23ECA4D11D75D6B1008C0B86 /* Resources */,
			);
			buildRules = (
			);
			dependencies = (
				23ECA4D51D75D6B1008C0B86 /* PBXTargetDependency */,
			);
			name = RichTextViewTests;
			productName = RichTextViewTests;
			productReference = 23ECA4D31D75D6B1008C0B86 /* RichTextViewTests.xctest */;
			productType = "com.apple.product-type.bundle.unit-test";
		};
		23ECA4DD1D75D6B1008C0B86 /* RichTextViewUITests */ = {
			isa = PBXNativeTarget;
			buildConfigurationList = 23ECA4ED1D75D6B1008C0B86 /* Build configuration list for PBXNativeTarget "RichTextViewUITests" */;
			buildPhases = (
				23ECA4DA1D75D6B1008C0B86 /* Sources */,
				23ECA4DB1D75D6B1008C0B86 /* Frameworks */,
				23ECA4DC1D75D6B1008C0B86 /* Resources */,
			);
			buildRules = (
			);
			dependencies = (
				23ECA4E01D75D6B1008C0B86 /* PBXTargetDependency */,
			);
			name = RichTextViewUITests;
			productName = RichTextViewUITests;
			productReference = 23ECA4DE1D75D6B1008C0B86 /* RichTextViewUITests.xctest */;
			productType = "com.apple.product-type.bundle.ui-testing";
		};
/* End PBXNativeTarget section */

/* Begin PBXProject section */
		23ECA4B21D75D6B0008C0B86 /* Project object */ = {
			isa = PBXProject;
			attributes = {
				LastUpgradeCheck = 0720;
				ORGANIZATIONNAME = "上海方创金融信息服务股份有限公司";
				TargetAttributes = {
					23ECA4B91D75D6B0008C0B86 = {
						CreatedOnToolsVersion = 7.2;
					};
					23ECA4D21D75D6B1008C0B86 = {
						CreatedOnToolsVersion = 7.2;
						TestTargetID = 23ECA4B91D75D6B0008C0B86;
					};
					23ECA4DD1D75D6B1008C0B86 = {
						CreatedOnToolsVersion = 7.2;
						TestTargetID = 23ECA4B91D75D6B0008C0B86;
					};
				};
			};
			buildConfigurationList = 23ECA4B51D75D6B0008C0B86 /* Build configuration list for PBXProject "RichTextView" */;
			compatibilityVersion = "Xcode 3.2";
			developmentRegion = English;
			hasScannedForEncodings = 0;
			knownRegions = (
				en,
				Base,
			);
			mainGroup = 23ECA4B11D75D6B0008C0B86;
			productRefGroup = 23ECA4BB1D75D6B0008C0B86 /* Products */;
			projectDirPath = "";
			projectRoot = "";
			targets = (
				23ECA4B91D75D6B0008C0B86 /* RichTextView */,
				23ECA4D21D75D6B1008C0B86 /* RichTextViewTests */,
				23ECA4DD1D75D6B1008C0B86 /* RichTextViewUITests */,
			);
		};
/* End PBXProject section */

/* Begin PBXResourcesBuildPhase section */
		23ECA4B81D75D6B0008C0B86 /* Resources */ = {
			isa = PBXResourcesBuildPhase;
			buildActionMask = 2147483647;
			files = (
				23ECA4CD1D75D6B0008C0B86 /* LaunchScreen.storyboard in Resources */,
				23ECA4CA1D75D6B0008C0B86 /* Assets.xcassets in Resources */,
				23ECA4C81D75D6B0008C0B86 /* Main.storyboard in Resources */,
			);
			runOnlyForDeploymentPostprocessing = 0;
		};
		23ECA4D11D75D6B1008C0B86 /* Resources */ = {
			isa = PBXResourcesBuildPhase;
			buildActionMask = 2147483647;
			files = (
			);
			runOnlyForDeploymentPostprocessing = 0;
		};
		23ECA4DC1D75D6B1008C0B86 /* Resources */ = {
			isa = PBXResourcesBuildPhase;
			buildActionMask = 2147483647;
			files = (
			);
			runOnlyForDeploymentPostprocessing = 0;
		};
/* End PBXResourcesBuildPhase section */

/* Begin PBXSourcesBuildPhase section */
		23ECA4B61D75D6B0008C0B86 /* Sources */ = {
			isa = PBXSourcesBuildPhase;
			buildActionMask = 2147483647;
			files = (
				23ECA4C51D75D6B0008C0B86 /* ViewController.m in Sources */,
				23ECA4C21D75D6B0008C0B86 /* AppDelegate.m in Sources */,
				23ECA4BF1D75D6B0008C0B86 /* main.m in Sources */,
				23ECA4F21D75D6BE008C0B86 /* RichTextView.m in Sources */,
			);
			runOnlyForDeploymentPostprocessing = 0;
		};
		23ECA4CF1D75D6B1008C0B86 /* Sources */ = {
			isa = PBXSourcesBuildPhase;
			buildActionMask = 2147483647;
			files = (
				23ECA4D81D75D6B1008C0B86 /* RichTextViewTests.m in Sources */,
			);
			runOnlyForDeploymentPostprocessing = 0;
		};
		23ECA4DA1D75D6B1008C0B86 /* Sources */ = {
			isa = PBXSourcesBuildPhase;
			buildActionMask = 2147483647;
			files = (
				23ECA4E31D75D6B1008C0B86 /* RichTextViewUITests.m in Sources */,
			);
			runOnlyForDeploymentPostprocessing = 0;
		};
/* End PBXSourcesBuildPhase section */

/* Begin PBXTargetDependency section */
		23ECA4D51D75D6B1008C0B86 /* PBXTargetDependency */ = {
			isa = PBXTargetDependency;
			target = 23ECA4B91D75D6B0008C0B86 /* RichTextView */;
			targetProxy = 23ECA4D41D75D6B1008C0B86 /* PBXContainerItemProxy */;
		};
		23ECA4E01D75D6B1008C0B86 /* PBXTargetDependency */ = {
			isa = PBXTargetDependency;
			target = 23ECA4B91D75D6B0008C0B86 /* RichTextView */;
			targetProxy = 23ECA4DF1D75D6B1008C0B86 /* PBXContainerItemProxy */;
		};
/* End PBXTargetDependency section */

/* Begin PBXVariantGroup section */
		23ECA4C61D75D6B0008C0B86 /* Main.storyboard */ = {
			isa = PBXVariantGroup;
			children = (
				23ECA4C71D75D6B0008C0B86 /* Base */,
			);
			name = Main.storyboard;
			sourceTree = "<group>";
		};
		23ECA4CB1D75D6B0008C0B86 /* LaunchScreen.storyboard */ = {
			isa = PBXVariantGroup;
			children = (
				23ECA4CC1D75D6B0008C0B86 /* Base */,
			);
			name = LaunchScreen.storyboard;
			sourceTree = "<group>";
		};
/* End PBXVariantGroup section */

/* Begin XCBuildConfiguration section */
		23ECA4E51D75D6B1008C0B86 /* Debug */ = {
			isa = XCBuildConfiguration;
			buildSettings = {
				ALWAYS_SEARCH_USER_PATHS = NO;
				CLANG_CXX_LANGUAGE_STANDARD = "gnu++0x";
				CLANG_CXX_LIBRARY = "libc++";
				CLANG_ENABLE_MODULES = YES;
				CLANG_ENABLE_OBJC_ARC = YES;
				CLANG_WARN_BOOL_CONVERSION = YES;
				CLANG_WARN_CONSTANT_CONVERSION = YES;
				CLANG_WARN_DIRECT_OBJC_ISA_USAGE = YES_ERROR;
				CLANG_WARN_EMPTY_BODY = YES;
				CLANG_WARN_ENUM_CONVERSION = YES;
				CLANG_WARN_INT_CONVERSION = YES;
				CLANG_WARN_OBJC_ROOT_CLASS = YES_ERROR;
				CLANG_WARN_UNREACHABLE_CODE = YES;
				CLANG_WARN__DUPLICATE_METHOD_MATCH = YES;
				"CODE_SIGN_IDENTITY[sdk=iphoneos*]" = "iPhone Developer";
				COPY_PHASE_STRIP = NO;
				DEBUG_INFORMATION_FORMAT = dwarf;
				ENABLE_STRICT_OBJC_MSGSEND = YES;
				ENABLE_TESTABILITY = YES;
				GCC_C_LANGUAGE_STANDARD = gnu99;
				GCC_DYNAMIC_NO_PIC = NO;
				GCC_NO_COMMON_BLOCKS = YES;
				GCC_OPTIMIZATION_LEVEL = 0;
				GCC_PREPROCESSOR_DEFINITIONS = (
					"DEBUG=1",
					"$(inherited)",
				);
				GCC_WARN_64_TO_32_BIT_CONVERSION = YES;
				GCC_WARN_ABOUT_RETURN_TYPE = YES_ERROR;
				GCC_WARN_UNDECLARED_SELECTOR = YES;
				GCC_WARN_UNINITIALIZED_AUTOS = YES_AGGRESSIVE;
				GCC_WARN_UNUSED_FUNCTION = YES;
				GCC_WARN_UNUSED_VARIABLE = YES;
				IPHONEOS_DEPLOYMENT_TARGET = 9.2;
				MTL_ENABLE_DEBUG_INFO = YES;
				ONLY_ACTIVE_ARCH = YES;
				SDKROOT = iphoneos;
				TARGETED_DEVICE_FAMILY = "1,2";
			};
			name = Debug;
		};
		23ECA4E61D75D6B1008C0B86 /* Release */ = {
			isa = XCBuildConfiguration;
			buildSettings = {
				ALWAYS_SEARCH_USER_PATHS = NO;
				CLANG_CXX_LANGUAGE_STANDARD = "gnu++0x";
				CLANG_CXX_LIBRARY = "libc++";
				CLANG_ENABLE_MODULES = YES;
				CLANG_ENABLE_OBJC_ARC = YES;
				CLANG_WARN_BOOL_CONVERSION = YES;
				CLANG_WARN_CONSTANT_CONVERSION = YES;
				CLANG_WARN_DIRECT_OBJC_ISA_USAGE = YES_ERROR;
				CLANG_WARN_EMPTY_BODY = YES;
				CLANG_WARN_ENUM_CONVERSION = YES;
				CLANG_WARN_INT_CONVERSION = YES;
				CLANG_WARN_OBJC_ROOT_CLASS = YES_ERROR;
				CLANG_WARN_UNREACHABLE_CODE = YES;
				CLANG_WARN__DUPLICATE_METHOD_MATCH = YES;
				"CODE_SIGN_IDENTITY[sdk=iphoneos*]" = "iPhone Developer";
				COPY_PHASE_STRIP = NO;
				DEBUG_INFORMATION_FORMAT = "dwarf-with-dsym";
				ENABLE_NS_ASSERTIONS = NO;
				ENABLE_STRICT_OBJC_MSGSEND = YES;
				GCC_C_LANGUAGE_STANDARD = gnu99;
				GCC_NO_COMMON_BLOCKS = YES;
				GCC_WARN_64_TO_32_BIT_CONVERSION = YES;
				GCC_WARN_ABOUT_RETURN_TYPE = YES_ERROR;
				GCC_WARN_UNDECLARED_SELECTOR = YES;
				GCC_WARN_UNINITIALIZED_AUTOS = YES_AGGRESSIVE;
				GCC_WARN_UNUSED_FUNCTION = YES;
				GCC_WARN_UNUSED_VARIABLE = YES;
				IPHONEOS_DEPLOYMENT_TARGET = 9.2;
				MTL_ENABLE_DEBUG_INFO = NO;
				SDKROOT = iphoneos;
				TARGETED_DEVICE_FAMILY = "1,2";
				VALIDATE_PRODUCT = YES;
			};
			name = Release;
		};
		23ECA4E81D75D6B1008C0B86 /* Debug */ = {
			isa = XCBuildConfiguration;
			buildSettings = {
				ASSETCATALOG_COMPILER_APPICON_NAME = AppIcon;
				INFOPLIST_FILE = RichTextView/Info.plist;
				LD_RUNPATH_SEARCH_PATHS = "$(inherited) @executable_path/Frameworks";
				PRODUCT_BUNDLE_IDENTIFIER = com.fangchuang.technology.RichTextView;
				PRODUCT_NAME = "$(TARGET_NAME)";
			};
			name = Debug;
		};
		23ECA4E91D75D6B1008C0B86 /* Release */ = {
			isa = XCBuildConfiguration;
			buildSettings = {
				ASSETCATALOG_COMPILER_APPICON_NAME = AppIcon;
				INFOPLIST_FILE = RichTextView/Info.plist;
				LD_RUNPATH_SEARCH_PATHS = "$(inherited) @executable_path/Frameworks";
				PRODUCT_BUNDLE_IDENTIFIER = com.fangchuang.technology.RichTextView;
				PRODUCT_NAME = "$(TARGET_NAME)";
			};
			name = Release;
		};
		23ECA4EB1D75D6B1008C0B86 /* Debug */ = {
			isa = XCBuildConfiguration;
			buildSettings = {
				BUNDLE_LOADER = "$(TEST_HOST)";
				INFOPLIST_FILE = RichTextViewTests/Info.plist;
				LD_RUNPATH_SEARCH_PATHS = "$(inherited) @executable_path/Frameworks @loader_path/Frameworks";
				PRODUCT_BUNDLE_IDENTIFIER = com.fangchuang.technology.RichTextViewTests;
				PRODUCT_NAME = "$(TARGET_NAME)";
				TEST_HOST = "$(BUILT_PRODUCTS_DIR)/RichTextView.app/RichTextView";
			};
			name = Debug;
		};
		23ECA4EC1D75D6B1008C0B86 /* Release */ = {
			isa = XCBuildConfiguration;
			buildSettings = {
				BUNDLE_LOADER = "$(TEST_HOST)";
				INFOPLIST_FILE = RichTextViewTests/Info.plist;
				LD_RUNPATH_SEARCH_PATHS = "$(inherited) @executable_path/Frameworks @loader_path/Frameworks";
				PRODUCT_BUNDLE_IDENTIFIER = com.fangchuang.technology.RichTextViewTests;
				PRODUCT_NAME = "$(TARGET_NAME)";
				TEST_HOST = "$(BUILT_PRODUCTS_DIR)/RichTextView.app/RichTextView";
			};
			name = Release;
		};
		23ECA4EE1D75D6B1008C0B86 /* Debug */ = {
			isa = XCBuildConfiguration;
			buildSettings = {
				INFOPLIST_FILE = RichTextViewUITests/Info.plist;
				LD_RUNPATH_SEARCH_PATHS = "$(inherited) @executable_path/Frameworks @loader_path/Frameworks";
				PRODUCT_BUNDLE_IDENTIFIER = com.fangchuang.technology.RichTextViewUITests;
				PRODUCT_NAME = "$(TARGET_NAME)";
				TEST_TARGET_NAME = RichTextView;
				USES_XCTRUNNER = YES;
			};
			name = Debug;
		};
		23ECA4EF1D75D6B1008C0B86 /* Release */ = {
			isa = XCBuildConfiguration;
			buildSettings = {
				INFOPLIST_FILE = RichTextViewUITests/Info.plist;
				LD_RUNPATH_SEARCH_PATHS = "$(inherited) @executable_path/Frameworks @loader_path/Frameworks";
				PRODUCT_BUNDLE_IDENTIFIER = com.fangchuang.technology.RichTextViewUITests;
				PRODUCT_NAME = "$(TARGET_NAME)";
				TEST_TARGET_NAME = RichTextView;
				USES_XCTRUNNER = YES;
			};
			name = Release;
		};
/* End XCBuildConfiguration section */

/* Begin XCConfigurationList section */
		23ECA4B51D75D6B0008C0B86 /* Build configuration list for PBXProject "RichTextView" */ = {
			isa = XCConfigurationList;
			buildConfigurations = (
				23ECA4E51D75D6B1008C0B86 /* Debug */,
				23ECA4E61D75D6B1008C0B86 /* Release */,
			);
			defaultConfigurationIsVisible = 0;
			defaultConfigurationName = Release;
		};
		23ECA4E71D75D6B1008C0B86 /* Build configuration list for PBXNativeTarget "RichTextView" */ = {
			isa = XCConfigurationList;
			buildConfigurations = (
				23ECA4E81D75D6B1008C0B86 /* Debug */,
				23ECA4E91D75D6B1008C0B86 /* Release */,
			);
			defaultConfigurationIsVisible = 0;
		};
		23ECA4EA1D75D6B1008C0B86 /* Build configuration list for PBXNativeTarget "RichTextViewTests" */ = {
			isa = XCConfigurationList;
			buildConfigurations = (
				23ECA4EB1D75D6B1008C0B86 /* Debug */,
				23ECA4EC1D75D6B1008C0B86 /* Release */,
			);
			defaultConfigurationIsVisible = 0;
		};
		23ECA4ED1D75D6B1008C0B86 /* Build configuration list for PBXNativeTarget "RichTextViewUITests" */ = {
			isa = XCConfigurationList;
			buildConfigurations = (
				23ECA4EE1D75D6B1008C0B86 /* Debug */,
				23ECA4EF1D75D6B1008C0B86 /* Release */,
			);
			defaultConfigurationIsVisible = 0;
		};
/* End XCConfigurationList section */
	};
	rootObject = 23ECA4B21D75D6B0008C0B86 /* Project object */;
}
